
Microsoft Visual Studio Solution File, Format Version 12.00
# Visual Studio Version 17
VisualStudioVersion = 17.3.32901.215
MinimumVisualStudioVersion = 10.0.40219.1
Project("{FAE04EC0-301F-11D3-BF4B-00C04F79EFBC}") = "Jump Bruteforcer", "Jump Bruteforcer.csproj", "{6932E558-4BCF-4CAC-9F7B-150D789C9C3A}"
EndProject
Global
	GlobalSection(SolutionConfigurationPlatforms) = preSolution
		Debug|Any CPU = Debug|Any CPU
		Release|Any CPU = Release|Any CPU
	EndGlobalSection
	GlobalSection(ProjectConfigurationPlatforms) = postSolution
		{6932E558-4BCF-4CAC-9F7B-150D789C9C3A}.Debug|Any CPU.ActiveCfg = Debug|Any CPU
		{6932E558-4BCF-4CAC-9F7B-150D789C9C3A}.Debug|Any CPU.Build.0 = Debug|Any CPU
		{6932E558-4BCF-4CAC-9F7B-150D789C9C3A}.Release|Any CPU.ActiveCfg = Release|Any CPU
		{6932E558-4BCF-4CAC-9F7B-150D789C9C3A}.Release|Any CPU.Build.0 = Release|Any CPU
	EndGlobalSection
	GlobalSection(SolutionProperties) = preSolution
		HideSolutionNode = FALSE
	EndGlobalSection
	GlobalSection(ExtensibilityGlobals) = postSolution
		SolutionGuid = {05B299DA-5504-4DC1-A4E7-D6D7159D8C82}
	EndGlobalSection
EndGlobal
